// !$*UTF8*$!
{
	archiveVersion = 1;
	classes = {
	};
	objectVersion = 77;
	objects = {

/* Begin PBXBuildFile section */
		505094EA3016C0A8004E8760 /* WatchVerseApp.swift in Sources */ = {isa = PBXBuildFile; fileRef = 505094E73016C0A8004E8760 /* WatchVerseApp.swift */; };
		505094F53016C879004E8760 /* RootView.swift in Sources */ = {isa = PBXBuildFile; fileRef = 505094F43016C879004E8760 /* RootView.swift */; };
		505094F73016C9D0004E8760 /* MainTabView.swift in Sources */ = {isa = PBXBuildFile; fileRef = 505094F63016C9D0004E8760 /* MainTabView.swift */; };
		505095053016CE1E004E8760 /* JourneyView.swift in Sources */ = {isa = PBXBuildFile; fileRef = 505095043016CE1E004E8760 /* JourneyView.swift */; };
		5083E44A30180B36004A7AE7 /* Movie.swift in Sources */ = {isa = PBXBuildFile; fileRef = 5083E44830180B36004A7AE7 /* Movie.swift */; };
		5083E44F301826DD004A7AE7 /* MoviePosterView.swift in Sources */ = {isa = PBXBuildFile; fileRef = 5083E44E301826DD004A7AE7 /* MoviePosterView.swift */; };
		5083E45B30197563004A7AE7 /* MovieDetailView.swift in Sources */ = {isa = PBXBuildFile; fileRef = 5083E45A30197563004A7AE7 /* MovieDetailView.swift */; };
		5083E469301A4937004A7AE7 /* JourneyViewModel.swift in Sources */ = {isa = PBXBuildFile; fileRef = 5083E468301A4937004A7AE7 /* JourneyViewModel.swift */; };
		5083E47F301BAD2F004A7AE7 /* Universe.swift in Sources */ = {isa = PBXBuildFile; fileRef = 5083E47E301BAD2F004A7AE7 /* Universe.swift */; };
		5083E481301BADE0004A7AE7 /* UniverseData.swift in Sources */ = {isa = PBXBuildFile; fileRef = 5083E480301BADE0004A7AE7 /* UniverseData.swift */; };
		5083E483301BB9EB004A7AE7 /* HomeView.swift in Sources */ = {isa = PBXBuildFile; fileRef = 5083E482301BB9EB004A7AE7 /* HomeView.swift */; };
		5083E485301BDE7D004A7AE7 /* UniverseCard.swift in Sources */ = {isa = PBXBuildFile; fileRef = 5083E484301BDE7D004A7AE7 /* UniverseCard.swift */; };
		5083E48B301BF95E004A7AE7 /* JSONLoader.swift in Sources */ = {isa = PBXBuildFile; fileRef = 5083E48A301BF95E004A7AE7 /* JSONLoader.swift */; };
		5083E48C301BFC30004A7AE7 /* marvel.json in Resources */ = {isa = PBXBuildFile; fileRef = 5083E487301BF21F004A7AE7 /* marvel.json */; };
		5083E48D301BFC37004A7AE7 /* universes.json in Resources */ = {isa = PBXBuildFile; fileRef = 5083E488301BF5EF004A7AE7 /* universes.json */; };
		5083E491301C0A75004A7AE7 /* UniverseCatalogItem.swift in Sources */ = {isa = PBXBuildFile; fileRef = 5083E490301C0A75004A7AE7 /* UniverseCatalogItem.swift */; };
		5083E493301C1D3C004A7AE7 /* lotr.json in Resources */ = {isa = PBXBuildFile; fileRef = 5083E492301C1D32004A7AE7 /* lotr.json */; };
		5083E4A1301D550D004A7AE7 /* HeroUniverseCard.swift in Sources */ = {isa = PBXBuildFile; fileRef = 5083E4A0301D550D004A7AE7 /* HeroUniverseCard.swift */; };
		50949DD2301F6FF9005213AC /* SettingsView.swift in Sources */ = {isa = PBXBuildFile; fileRef = 50949DD1301F6FF9005213AC /* SettingsView.swift */; };
		50B7A139301EBE2000D4A1BF /* CarouselLayout.swift in Sources */ = {isa = PBXBuildFile; fileRef = 50B7A138301EBE1300D4A1BF /* CarouselLayout.swift */; };
		50B7A13B301F605400D4A1BF /* splashScreenView.swift in Sources */ = {isa = PBXBuildFile; fileRef = 50B7A13A301F605400D4A1BF /* splashScreenView.swift */; };
		50B7A13D301F655200D4A1BF /* Launch Screen.storyboard in Resources */ = {isa = PBXBuildFile; fileRef = 50B7A13C301F655200D4A1BF /* Launch Screen.storyboard */; };
		9CC798733021709E0011DC42 /* SettingsButton.swift in Sources */ = {isa = PBXBuildFile; fileRef = 9CC798723021709E0011DC42 /* SettingsButton.swift */; };
/* End PBXBuildFile section */

/* Begin PBXContainerItemProxy section */
		507CAA8F30163EAE00F8E384 /* PBXContainerItemProxy */ = {
			isa = PBXContainerItemProxy;
			containerPortal = 507CAA7730163EAA00F8E384 /* Project object */;
			proxyType = 1;
			remoteGlobalIDString = 507CAA7E30163EAA00F8E384;
			remoteInfo = WatchVerse;
		};
		507CAA9930163EAE00F8E384 /* PBXContainerItemProxy */ = {
			isa = PBXContainerItemProxy;
			containerPortal = 507CAA7730163EAA00F8E384 /* Project object */;
			proxyType = 1;
			remoteGlobalIDString = 507CAA7E30163EAA00F8E384;
			remoteInfo = WatchVerse;
		};
/* End PBXContainerItemProxy section */

/* Begin PBXFileReference section */
		505094E73016C0A8004E8760 /* WatchVerseApp.swift */ = {isa = PBXFileReference; lastKnownFileType = sourcecode.swift; path = WatchVerseApp.swift; sourceTree = "<group>"; };
		505094F43016C879004E8760 /* RootView.swift */ = {isa = PBXFileReference; lastKnownFileType = sourcecode.swift; path = RootView.swift; sourceTree = "<group>"; };
		505094F63016C9D0004E8760 /* MainTabView.swift */ = {isa = PBXFileReference; lastKnownFileType = sourcecode.swift; path = MainTabView.swift; sourceTree = "<group>"; };
		505095043016CE1E004E8760 /* JourneyView.swift */ = {isa = PBXFileReference; lastKnownFileType = sourcecode.swift; path = JourneyView.swift; sourceTree = "<group>"; };
		507CAA7F30163EAA00F8E384 /* WatchVerse.app */ = {isa = PBXFileReference; explicitFileType = wrapper.application; includeInIndex = 0; path = WatchVerse.app; sourceTree = BUILT_PRODUCTS_DIR; };
		507CAA8E30163EAE00F8E384 /* WatchVerseTests.xctest */ = {isa = PBXFileReference; explicitFileType = wrapper.cfbundle; includeInIndex = 0; path = WatchVerseTests.xctest; sourceTree = BUILT_PRODUCTS_DIR; };
		507CAA9830163EAE00F8E384 /* WatchVerseUITests.xctest */ = {isa = PBXFileReference; explicitFileType = wrapper.cfbundle; includeInIndex = 0; path = WatchVerseUITests.xctest; sourceTree = BUILT_PRODUCTS_DIR; };
		5083E44830180B36004A7AE7 /* Movie.swift */ = {isa = PBXFileReference; lastKnownFileType = sourcecode.swift; path = Movie.swift; sourceTree = "<group>"; };
		5083E44E301826DD004A7AE7 /* MoviePosterView.swift */ = {isa = PBXFileReference; lastKnownFileType = sourcecode.swift; path = MoviePosterView.swift; sourceTree = "<group>"; };
		5083E45A30197563004A7AE7 /* MovieDetailView.swift */ = {isa = PBXFileReference; lastKnownFileType = sourcecode.swift; path = MovieDetailView.swift; sourceTree = "<group>"; };
		5083E468301A4937004A7AE7 /* JourneyViewModel.swift */ = {isa = PBXFileReference; lastKnownFileType = sourcecode.swift; path = JourneyViewModel.swift; sourceTree = "<group>"; };
		5083E47E301BAD2F004A7AE7 /* Universe.swift */ = {isa = PBXFileReference; lastKnownFileType = sourcecode.swift; path = Universe.swift; sourceTree = "<group>"; };
		5083E480301BADE0004A7AE7 /* UniverseData.swift */ = {isa = PBXFileReference; lastKnownFileType = sourcecode.swift; path = UniverseData.swift; sourceTree = "<group>"; };
		5083E482301BB9EB004A7AE7 /* HomeView.swift */ = {isa = PBXFileReference; lastKnownFileType = sourcecode.swift; path = HomeView.swift; sourceTree = "<group>"; };
		5083E484301BDE7D004A7AE7 /* UniverseCard.swift */ = {isa = PBXFileReference; lastKnownFileType = sourcecode.swift; path = UniverseCard.swift; sourceTree = "<group>"; };
		5083E487301BF21F004A7AE7 /* marvel.json */ = {isa = PBXFileReference; lastKnownFileType = text.json; path = marvel.json; sourceTree = "<group>"; };
		5083E488301BF5EF004A7AE7 /* universes.json */ = {isa = PBXFileReference; lastKnownFileType = text.json; path = universes.json; sourceTree = "<group>"; };
		5083E48A301BF95E004A7AE7 /* JSONLoader.swift */ = {isa = PBXFileReference; lastKnownFileType = sourcecode.swift; path = JSONLoader.swift; sourceTree = "<group>"; };
		5083E490301C0A75004A7AE7 /* UniverseCatalogItem.swift */ = {isa = PBXFileReference; lastKnownFileType = sourcecode.swift; path = UniverseCatalogItem.swift; sourceTree = "<group>"; };
		5083E492301C1D32004A7AE7 /* lotr.json */ = {isa = PBXFileReference; lastKnownFileType = text.json; path = lotr.json; sourceTree = "<group>"; };
		5083E4A0301D550D004A7AE7 /* HeroUniverseCard.swift */ = {isa = PBXFileReference; lastKnownFileType = sourcecode.swift; path = HeroUniverseCard.swift; sourceTree = "<group>"; };
		50949DD1301F6FF9005213AC /* SettingsView.swift */ = {isa = PBXFileReference; lastKnownFileType = sourcecode.swift; path = SettingsView.swift; sourceTree = "<group>"; };
		50B7A138301EBE1300D4A1BF /* CarouselLayout.swift */ = {isa = PBXFileReference; lastKnownFileType = sourcecode.swift; path = CarouselLayout.swift; sourceTree = "<group>"; };
		50B7A13A301F605400D4A1BF /* splashScreenView.swift */ = {isa = PBXFileReference; lastKnownFileType = sourcecode.swift; path = splashScreenView.swift; sourceTree = "<group>"; };
		50B7A13C301F655200D4A1BF /* Launch Screen.storyboard */ = {isa = PBXFileReference; lastKnownFileType = file.storyboard; path = "Launch Screen.storyboard"; sourceTree = "<group>"; };
		9CC798723021709E0011DC42 /* SettingsButton.swift */ = {isa = PBXFileReference; lastKnownFileType = sourcecode.swift; path = SettingsButton.swift; sourceTree = "<group>"; };
/* End PBXFileReference section */

/* Begin PBXFileSystemSynchronizedRootGroup section */
		507CAA8130163EAA00F8E384 /* WatchVerse */ = {
			isa = PBXFileSystemSynchronizedRootGroup;
			path = WatchVerse;
			sourceTree = "<group>";
		};
		507CAA9130163EAE00F8E384 /* WatchVerseTests */ = {
			isa = PBXFileSystemSynchronizedRootGroup;
			path = WatchVerseTests;
			sourceTree = "<group>";
		};
		507CAA9B30163EAE00F8E384 /* WatchVerseUITests */ = {
			isa = PBXFileSystemSynchronizedRootGroup;
			path = WatchVerseUITests;
			sourceTree = "<group>";
		};
/* End PBXFileSystemSynchronizedRootGroup section */

/* Begin PBXFrameworksBuildPhase section */
		507CAA7C30163EAA00F8E384 /* Frameworks */ = {
			isa = PBXFrameworksBuildPhase;
			buildActionMask = 2147483647;
			files = (
			);
			runOnlyForDeploymentPostprocessing = 0;
		};
		507CAA8B30163EAE00F8E384 /* Frameworks */ = {
			isa = PBXFrameworksBuildPhase;
			buildActionMask = 2147483647;
			files = (
			);
			runOnlyForDeploymentPostprocessing = 0;
		};
		507CAA9530163EAE00F8E384 /* Frameworks */ = {
			isa = PBXFrameworksBuildPhase;
			buildActionMask = 2147483647;
			files = (
			);
			runOnlyForDeploymentPostprocessing = 0;
		};
/* End PBXFrameworksBuildPhase section */

/* Begin PBXGroup section */
		505094F13016C603004E8760 /* App */ = {
			isa = PBXGroup;
			children = (
				505094E73016C0A8004E8760 /* WatchVerseApp.swift */,
				505094F43016C879004E8760 /* RootView.swift */,
				505094F63016C9D0004E8760 /* MainTabView.swift */,
				50B7A13A301F605400D4A1BF /* splashScreenView.swift */,
				50B7A13C301F655200D4A1BF /* Launch Screen.storyboard */,
			);
			path = App;
			sourceTree = "<group>";
		};
		505094F23016C79C004E8760 /* Features */ = {
			isa = PBXGroup;
			children = (
				5083E494301C26F8004A7AE7 /* Home */,
				505094F33016C7DC004E8760 /* Journey */,
				5083E495301C2711004A7AE7 /* Shared */,
			);
			path = Features;
			sourceTree = "<group>";
		};
		505094F33016C7DC004E8760 /* Journey */ = {
			isa = PBXGroup;
			children = (
				50B7A138301EBE1300D4A1BF /* CarouselLayout.swift */,
				505095043016CE1E004E8760 /* JourneyView.swift */,
				5083E44830180B36004A7AE7 /* Movie.swift */,
				5083E44E301826DD004A7AE7 /* MoviePosterView.swift */,
				5083E45A30197563004A7AE7 /* MovieDetailView.swift */,
				5083E468301A4937004A7AE7 /* JourneyViewModel.swift */,
			);
			path = Journey;
			sourceTree = "<group>";
		};
		507CAA7630163EAA00F8E384 = {
			isa = PBXGroup;
			children = (
				505094F23016C79C004E8760 /* Features */,
				5083E486301BF1DD004A7AE7 /* Data */,
				5083E489301BF93D004A7AE7 /* Services */,
				505094F13016C603004E8760 /* App */,
				507CAA8130163EAA00F8E384 /* WatchVerse */,
				507CAA9130163EAE00F8E384 /* WatchVerseTests */,
				507CAA9B30163EAE00F8E384 /* WatchVerseUITests */,
				507CAA8030163EAA00F8E384 /* Products */,
			);
			sourceTree = "<group>";
		};
		507CAA8030163EAA00F8E384 /* Products */ = {
			isa = PBXGroup;
			children = (
				507CAA7F30163EAA00F8E384 /* WatchVerse.app */,
				507CAA8E30163EAE00F8E384 /* WatchVerseTests.xctest */,
				507CAA9830163EAE00F8E384 /* WatchVerseUITests.xctest */,
			);
			name = Products;
			sourceTree = "<group>";
		};
		5083E486301BF1DD004A7AE7 /* Data */ = {
			isa = PBXGroup;
			children = (
				5083E488301BF5EF004A7AE7 /* universes.json */,
				5083E492301C1D32004A7AE7 /* lotr.json */,
				5083E487301BF21F004A7AE7 /* marvel.json */,
			);
			path = Data;
			sourceTree = "<group>";
		};
		5083E489301BF93D004A7AE7 /* Services */ = {
			isa = PBXGroup;
			children = (
				5083E48A301BF95E004A7AE7 /* JSONLoader.swift */,
			);
			path = Services;
			sourceTree = "<group>";
		};
		5083E494301C26F8004A7AE7 /* Home */ = {
			isa = PBXGroup;
			children = (
				5083E482301BB9EB004A7AE7 /* HomeView.swift */,
				5083E484301BDE7D004A7AE7 /* UniverseCard.swift */,
				5083E4A0301D550D004A7AE7 /* HeroUniverseCard.swift */,
				50949DD1301F6FF9005213AC /* SettingsView.swift */,
				9CC798723021709E0011DC42 /* SettingsButton.swift */,
			);
			path = Home;
			sourceTree = "<group>";
		};
		5083E495301C2711004A7AE7 /* Shared */ = {
			isa = PBXGroup;
			children = (
				5083E47E301BAD2F004A7AE7 /* Universe.swift */,
				5083E490301C0A75004A7AE7 /* UniverseCatalogItem.swift */,
				5083E480301BADE0004A7AE7 /* UniverseData.swift */,
			);
			path = Shared;
			sourceTree = "<group>";
		};
/* End PBXGroup section */

/* Begin PBXNativeTarget section */
		507CAA7E30163EAA00F8E384 /* WatchVerse */ = {
			isa = PBXNativeTarget;
			buildConfigurationList = 507CAAA230163EAE00F8E384 /* Build configuration list for PBXNativeTarget "WatchVerse" */;
			buildPhases = (
				507CAA7B30163EAA00F8E384 /* Sources */,
				507CAA7C30163EAA00F8E384 /* Frameworks */,
				507CAA7D30163EAA00F8E384 /* Resources */,
			);
			buildRules = (
			);
			dependencies = (
			);
			fileSystemSynchronizedGroups = (
				507CAA8130163EAA00F8E384 /* WatchVerse */,
			);
			name = WatchVerse;
			packageProductDependencies = (
			);
			productName = WatchVerse;
			productReference = 507CAA7F30163EAA00F8E384 /* WatchVerse.app */;
			productType = "com.apple.product-type.application";
		};
		507CAA8D30163EAE00F8E384 /* WatchVerseTests */ = {
			isa = PBXNativeTarget;
			buildConfigurationList = 507CAAA530163EAE00F8E384 /* Build configuration list for PBXNativeTarget "WatchVerseTests" */;
			buildPhases = (
				507CAA8A30163EAE00F8E384 /* Sources */,
				507CAA8B30163EAE00F8E384 /* Frameworks */,
				507CAA8C30163EAE00F8E384 /* Resources */,
			);
			buildRules = (
			);
			dependencies = (
				507CAA9030163EAE00F8E384 /* PBXTargetDependency */,
			);
			fileSystemSynchronizedGroups = (
				507CAA9130163EAE00F8E384 /* WatchVerseTests */,
			);
			name = WatchVerseTests;
			packageProductDependencies = (
			);
			productName = WatchVerseTests;
			productReference = 507CAA8E30163EAE00F8E384 /* WatchVerseTests.xctest */;
			productType = "com.apple.product-type.bundle.unit-test";
		};
		507CAA9730163EAE00F8E384 /* WatchVerseUITests */ = {
			isa = PBXNativeTarget;
			buildConfigurationList = 507CAAA830163EAE00F8E384 /* Build configuration list for PBXNativeTarget "WatchVerseUITests" */;
			buildPhases = (
				507CAA9430163EAE00F8E384 /* Sources */,
				507CAA9530163EAE00F8E384 /* Frameworks */,
				507CAA9630163EAE00F8E384 /* Resources */,
			);
			buildRules = (
			);
			dependencies = (
				507CAA9A30163EAE00F8E384 /* PBXTargetDependency */,
			);
			fileSystemSynchronizedGroups = (
				507CAA9B30163EAE00F8E384 /* WatchVerseUITests */,
			);
			name = WatchVerseUITests;
			packageProductDependencies = (
			);
			productName = WatchVerseUITests;
			productReference = 507CAA9830163EAE00F8E384 /* WatchVerseUITests.xctest */;
			productType = "com.apple.product-type.bundle.ui-testing";
		};
/* End PBXNativeTarget section */

/* Begin PBXProject section */
		507CAA7730163EAA00F8E384 /* Project object */ = {
			isa = PBXProject;
			attributes = {
				BuildIndependentTargetsInParallel = 1;
				LastSwiftUpdateCheck = 2610;
				LastUpgradeCheck = 2660;
				TargetAttributes = {
					507CAA7E30163EAA00F8E384 = {
						CreatedOnToolsVersion = 26.1;
					};
					507CAA8D30163EAE00F8E384 = {
						CreatedOnToolsVersion = 26.1;
						TestTargetID = 507CAA7E30163EAA00F8E384;
					};
					507CAA9730163EAE00F8E384 = {
						CreatedOnToolsVersion = 26.1;
						TestTargetID = 507CAA7E30163EAA00F8E384;
					};
				};
			};
			buildConfigurationList = 507CAA7A30163EAA00F8E384 /* Build configuration list for PBXProject "WatchVerse" */;
			developmentRegion = en;
			hasScannedForEncodings = 0;
			knownRegions = (
				en,
				Base,
			);
			mainGroup = 507CAA7630163EAA00F8E384;
			minimizedProjectReferenceProxies = 1;
			preferredProjectObjectVersion = 77;
			productRefGroup = 507CAA8030163EAA00F8E384 /* Products */;
			projectDirPath = "";
			projectRoot = "";
			targets = (
				507CAA7E30163EAA00F8E384 /* WatchVerse */,
				507CAA8D30163EAE00F8E384 /* WatchVerseTests */,
				507CAA9730163EAE00F8E384 /* WatchVerseUITests */,
			);
		};
/* End PBXProject section */

/* Begin PBXResourcesBuildPhase section */
		507CAA7D30163EAA00F8E384 /* Resources */ = {
			isa = PBXResourcesBuildPhase;
			buildActionMask = 2147483647;
			files = (
				5083E48D301BFC37004A7AE7 /* universes.json in Resources */,
				5083E48C301BFC30004A7AE7 /* marvel.json in Resources */,
				50B7A13D301F655200D4A1BF /* Launch Screen.storyboard in Resources */,
				5083E493301C1D3C004A7AE7 /* lotr.json in Resources */,
			);
			runOnlyForDeploymentPostprocessing = 0;
		};
		507CAA8C30163EAE00F8E384 /* Resources */ = {
			isa = PBXResourcesBuildPhase;
			buildActionMask = 2147483647;
			files = (
			);
			runOnlyForDeploymentPostprocessing = 0;
		};
		507CAA9630163EAE00F8E384 /* Resources */ = {
			isa = PBXResourcesBuildPhase;
			buildActionMask = 2147483647;
			files = (
			);
			runOnlyForDeploymentPostprocessing = 0;
		};
/* End PBXResourcesBuildPhase section */

/* Begin PBXSourcesBuildPhase section */
		507CAA7B30163EAA00F8E384 /* Sources */ = {
			isa = PBXSourcesBuildPhase;
			buildActionMask = 2147483647;
			files = (
				5083E44A30180B36004A7AE7 /* Movie.swift in Sources */,
				5083E491301C0A75004A7AE7 /* UniverseCatalogItem.swift in Sources */,
				505094EA3016C0A8004E8760 /* WatchVerseApp.swift in Sources */,
				5083E44F301826DD004A7AE7 /* MoviePosterView.swift in Sources */,
				5083E469301A4937004A7AE7 /* JourneyViewModel.swift in Sources */,
				5083E481301BADE0004A7AE7 /* UniverseData.swift in Sources */,
				5083E47F301BAD2F004A7AE7 /* Universe.swift in Sources */,
				5083E48B301BF95E004A7AE7 /* JSONLoader.swift in Sources */,
				5083E485301BDE7D004A7AE7 /* UniverseCard.swift in Sources */,
				505094F53016C879004E8760 /* RootView.swift in Sources */,
				50B7A139301EBE2000D4A1BF /* CarouselLayout.swift in Sources */,
				9CC798733021709E0011DC42 /* SettingsButton.swift in Sources */,
				5083E4A1301D550D004A7AE7 /* HeroUniverseCard.swift in Sources */,
				505095053016CE1E004E8760 /* JourneyView.swift in Sources */,
				5083E483301BB9EB004A7AE7 /* HomeView.swift in Sources */,
				50B7A13B301F605400D4A1BF /* splashScreenView.swift in Sources */,
				5083E45B30197563004A7AE7 /* MovieDetailView.swift in Sources */,
				505094F73016C9D0004E8760 /* MainTabView.swift in Sources */,
				50949DD2301F6FF9005213AC /* SettingsView.swift in Sources */,
			);
			runOnlyForDeploymentPostprocessing = 0;
		};
		507CAA8A30163EAE00F8E384 /* Sources */ = {
			isa = PBXSourcesBuildPhase;
			buildActionMask = 2147483647;
			files = (
			);
			runOnlyForDeploymentPostprocessing = 0;
		};
		507CAA9430163EAE00F8E384 /* Sources */ = {
			isa = PBXSourcesBuildPhase;
			buildActionMask = 2147483647;
			files = (
			);
			runOnlyForDeploymentPostprocessing = 0;
		};
/* End PBXSourcesBuildPhase section */

/* Begin PBXTargetDependency section */
		507CAA9030163EAE00F8E384 /* PBXTargetDependency */ = {
			isa = PBXTargetDependency;
			target = 507CAA7E30163EAA00F8E384 /* WatchVerse */;
			targetProxy = 507CAA8F30163EAE00F8E384 /* PBXContainerItemProxy */;
		};
		507CAA9A30163EAE00F8E384 /* PBXTargetDependency */ = {
			isa = PBXTargetDependency;
			target = 507CAA7E30163EAA00F8E384 /* WatchVerse */;
			targetProxy = 507CAA9930163EAE00F8E384 /* PBXContainerItemProxy */;
		};
/* End PBXTargetDependency section */

/* Begin XCBuildConfiguration section */
		507CAAA030163EAE00F8E384 /* Debug */ = {
			isa = XCBuildConfiguration;
			buildSettings = {
				ALWAYS_SEARCH_USER_PATHS = NO;
				ASSETCATALOG_COMPILER_GENERATE_SWIFT_ASSET_SYMBOL_EXTENSIONS = YES;
				CLANG_ANALYZER_NONNULL = YES;
				CLANG_ANALYZER_NUMBER_OBJECT_CONVERSION = YES_AGGRESSIVE;
				CLANG_CXX_LANGUAGE_STANDARD = "gnu++20";
				CLANG_ENABLE_MODULES = YES;
				CLANG_ENABLE_OBJC_ARC = YES;
				CLANG_ENABLE_OBJC_WEAK = YES;
				CLANG_WARN_BLOCK_CAPTURE_AUTORELEASING = YES;
				CLANG_WARN_BOOL_CONVERSION = YES;
				CLANG_WARN_COMMA = YES;
				CLANG_WARN_CONSTANT_CONVERSION = YES;
				CLANG_WARN_DEPRECATED_OBJC_IMPLEMENTATIONS = YES;
				CLANG_WARN_DIRECT_OBJC_ISA_USAGE = YES_ERROR;
				CLANG_WARN_DOCUMENTATION_COMMENTS = YES;
				CLANG_WARN_EMPTY_BODY = YES;
				CLANG_WARN_ENUM_CONVERSION = YES;
				CLANG_WARN_INFINITE_RECURSION = YES;
				CLANG_WARN_INT_CONVERSION = YES;
				CLANG_WARN_NON_LITERAL_NULL_CONVERSION = YES;
				CLANG_WARN_OBJC_IMPLICIT_RETAIN_SELF = YES;
				CLANG_WARN_OBJC_LITERAL_CONVERSION = YES;
				CLANG_WARN_OBJC_ROOT_CLASS = YES_ERROR;
				CLANG_WARN_QUOTED_INCLUDE_IN_FRAMEWORK_HEADER = YES;
				CLANG_WARN_RANGE_LOOP_ANALYSIS = YES;
				CLANG_WARN_STRICT_PROTOTYPES = YES;
				CLANG_WARN_SUSPICIOUS_MOVE = YES;
				CLANG_WARN_UNGUARDED_AVAILABILITY = YES_AGGRESSIVE;
				CLANG_WARN_UNREACHABLE_CODE = YES;
				CLANG_WARN__DUPLICATE_METHOD_MATCH = YES;
				COPY_PHASE_STRIP = NO;
				DEBUG_INFORMATION_FORMAT = dwarf;
				DEVELOPMENT_TEAM = FUK235L35F;
				ENABLE_STRICT_OBJC_MSGSEND = YES;
				ENABLE_TESTABILITY = YES;
				ENABLE_USER_SCRIPT_SANDBOXING = YES;
				GCC_C_LANGUAGE_STANDARD = gnu17;
				GCC_DYNAMIC_NO_PIC = NO;
				GCC_NO_COMMON_BLOCKS = YES;
				GCC_OPTIMIZATION_LEVEL = 0;
				GCC_PREPROCESSOR_DEFINITIONS = (
					"DEBUG=1",
					"$(inherited)",
				);
				GCC_WARN_64_TO_32_BIT_CONVERSION = YES;
				GCC_WARN_ABOUT_RETURN_TYPE = YES_ERROR;
				GCC_WARN_UNDECLARED_SELECTOR = YES;
				GCC_WARN_UNINITIALIZED_AUTOS = YES_AGGRESSIVE;
				GCC_WARN_UNUSED_FUNCTION = YES;
				GCC_WARN_UNUSED_VARIABLE = YES;
				IPHONEOS_DEPLOYMENT_TARGET = 26.1;
				LOCALIZATION_PREFERS_STRING_CATALOGS = YES;
				MTL_ENABLE_DEBUG_INFO = INCLUDE_SOURCE;
				MTL_FAST_MATH = YES;
				ONLY_ACTIVE_ARCH = YES;
				SDKROOT = iphoneos;
				STRING_CATALOG_GENERATE_SYMBOLS = YES;
				SWIFT_ACTIVE_COMPILATION_CONDITIONS = "DEBUG $(inherited)";
				SWIFT_OPTIMIZATION_LEVEL = "-Onone";
			};
			name = Debug;
		};
		507CAAA130163EAE00F8E384 /* Release */ = {
			isa = XCBuildConfiguration;
			buildSettings = {
				ALWAYS_SEARCH_USER_PATHS = NO;
				ASSETCATALOG_COMPILER_GENERATE_SWIFT_ASSET_SYMBOL_EXTENSIONS = YES;
				CLANG_ANALYZER_NONNULL = YES;
				CLANG_ANALYZER_NUMBER_OBJECT_CONVERSION = YES_AGGRESSIVE;
				CLANG_CXX_LANGUAGE_STANDARD = "gnu++20";
				CLANG_ENABLE_MODULES = YES;
				CLANG_ENABLE_OBJC_ARC = YES;
				CLANG_ENABLE_OBJC_WEAK = YES;
				CLANG_WARN_BLOCK_CAPTURE_AUTORELEASING = YES;
				CLANG_WARN_BOOL_CONVERSION = YES;
				CLANG_WARN_COMMA = YES;
				CLANG_WARN_CONSTANT_CONVERSION = YES;
				CLANG_WARN_DEPRECATED_OBJC_IMPLEMENTATIONS = YES;
				CLANG_WARN_DIRECT_OBJC_ISA_USAGE = YES_ERROR;
				CLANG_WARN_DOCUMENTATION_COMMENTS = YES;
				CLANG_WARN_EMPTY_BODY = YES;
				CLANG_WARN_ENUM_CONVERSION = YES;
				CLANG_WARN_INFINITE_RECURSION = YES;
				CLANG_WARN_INT_CONVERSION = YES;
				CLANG_WARN_NON_LITERAL_NULL_CONVERSION = YES;
				CLANG_WARN_OBJC_IMPLICIT_RETAIN_SELF = YES;
				CLANG_WARN_OBJC_LITERAL_CONVERSION = YES;
				CLANG_WARN_OBJC_ROOT_CLASS = YES_ERROR;
				CLANG_WARN_QUOTED_INCLUDE_IN_FRAMEWORK_HEADER = YES;
				CLANG_WARN_RANGE_LOOP_ANALYSIS = YES;
				CLANG_WARN_STRICT_PROTOTYPES = YES;
				CLANG_WARN_SUSPICIOUS_MOVE = YES;
				CLANG_WARN_UNGUARDED_AVAILABILITY = YES_AGGRESSIVE;
				CLANG_WARN_UNREACHABLE_CODE = YES;
				CLANG_WARN__DUPLICATE_METHOD_MATCH = YES;
				COPY_PHASE_STRIP = NO;
				DEBUG_INFORMATION_FORMAT = "dwarf-with-dsym";
				DEVELOPMENT_TEAM = FUK235L35F;
				ENABLE_NS_ASSERTIONS = NO;
				ENABLE_STRICT_OBJC_MSGSEND = YES;
				ENABLE_USER_SCRIPT_SANDBOXING = YES;
				GCC_C_LANGUAGE_STANDARD = gnu17;
				GCC_NO_COMMON_BLOCKS = YES;
				GCC_WARN_64_TO_32_BIT_CONVERSION = YES;
				GCC_WARN_ABOUT_RETURN_TYPE = YES_ERROR;
				GCC_WARN_UNDECLARED_SELECTOR = YES;
				GCC_WARN_UNINITIALIZED_AUTOS = YES_AGGRESSIVE;
				GCC_WARN_UNUSED_FUNCTION = YES;
				GCC_WARN_UNUSED_VARIABLE = YES;
				IPHONEOS_DEPLOYMENT_TARGET = 26.1;
				LOCALIZATION_PREFERS_STRING_CATALOGS = YES;
				MTL_ENABLE_DEBUG_INFO = NO;
				MTL_FAST_MATH = YES;
				SDKROOT = iphoneos;
				STRING_CATALOG_GENERATE_SYMBOLS = YES;
				SWIFT_COMPILATION_MODE = wholemodule;
				VALIDATE_PRODUCT = YES;
			};
			name = Release;
		};
		507CAAA330163EAE00F8E384 /* Debug */ = {
			isa = XCBuildConfiguration;
			buildSettings = {
				ASSETCATALOG_COMPILER_APPICON_NAME = AppIcon;
				ASSETCATALOG_COMPILER_GLOBAL_ACCENT_COLOR_NAME = AccentColor;
				CODE_SIGN_STYLE = Automatic;
				CURRENT_PROJECT_VERSION = 1;
				DEVELOPMENT_TEAM = FUK235L35F;
				ENABLE_PREVIEWS = YES;
				GENERATE_INFOPLIST_FILE = YES;
				INFOPLIST_KEY_UIApplicationSceneManifest_Generation = YES;
				INFOPLIST_KEY_UIApplicationSupportsIndirectInputEvents = YES;
				INFOPLIST_KEY_UILaunchScreen_Generation = YES;
				INFOPLIST_KEY_UISupportedInterfaceOrientations = UIInterfaceOrientationPortrait;
				INFOPLIST_KEY_UISupportedInterfaceOrientations_iPad = "UIInterfaceOrientationLandscapeLeft UIInterfaceOrientationLandscapeRight UIInterfaceOrientationPortrait UIInterfaceOrientationPortraitUpsideDown";
				LD_RUNPATH_SEARCH_PATHS = (
					"$(inherited)",
					"@executable_path/Frameworks",
				);
				MARKETING_VERSION = 0.15;
				PRODUCT_BUNDLE_IDENTIFIER = com.maximeproulx.WatchVerse;
				PRODUCT_NAME = "$(TARGET_NAME)";
				STRING_CATALOG_GENERATE_SYMBOLS = YES;
				SWIFT_APPROACHABLE_CONCURRENCY = YES;
				SWIFT_DEFAULT_ACTOR_ISOLATION = MainActor;
				SWIFT_EMIT_LOC_STRINGS = YES;
				SWIFT_UPCOMING_FEATURE_MEMBER_IMPORT_VISIBILITY = YES;
				SWIFT_VERSION = 5.0;
				TARGETED_DEVICE_FAMILY = "1,2";
			};
			name = Debug;
		};
		507CAAA430163EAE00F8E384 /* Release */ = {
			isa = XCBuildConfiguration;
			buildSettings = {
				ASSETCATALOG_COMPILER_APPICON_NAME = AppIcon;
				ASSETCATALOG_COMPILER_GLOBAL_ACCENT_COLOR_NAME = AccentColor;
				CODE_SIGN_STYLE = Automatic;
				CURRENT_PROJECT_VERSION = 1;
				DEVELOPMENT_TEAM = FUK235L35F;
				ENABLE_PREVIEWS = YES;
				GENERATE_INFOPLIST_FILE = YES;
				INFOPLIST_KEY_UIApplicationSceneManifest_Generation = YES;
				INFOPLIST_KEY_UIApplicationSupportsIndirectInputEvents = YES;
				INFOPLIST_KEY_UILaunchScreen_Generation = YES;
				INFOPLIST_KEY_UISupportedInterfaceOrientations = UIInterfaceOrientationPortrait;
				INFOPLIST_KEY_UISupportedInterfaceOrientations_iPad = "UIInterfaceOrientationLandscapeLeft UIInterfaceOrientationLandscapeRight UIInterfaceOrientationPortrait UIInterfaceOrientationPortraitUpsideDown";
				LD_RUNPATH_SEARCH_PATHS = (
					"$(inherited)",
					"@executable_path/Frameworks",
				);
				MARKETING_VERSION = 0.15;
				PRODUCT_BUNDLE_IDENTIFIER = com.maximeproulx.WatchVerse;
				PRODUCT_NAME = "$(TARGET_NAME)";
				STRING_CATALOG_GENERATE_SYMBOLS = YES;
				SWIFT_APPROACHABLE_CONCURRENCY = YES;
				SWIFT_DEFAULT_ACTOR_ISOLATION = MainActor;
				SWIFT_EMIT_LOC_STRINGS = YES;
				SWIFT_UPCOMING_FEATURE_MEMBER_IMPORT_VISIBILITY = YES;
				SWIFT_VERSION = 5.0;
				TARGETED_DEVICE_FAMILY = "1,2";
			};
			name = Release;
		};
		507CAAA630163EAE00F8E384 /* Debug */ = {
			isa = XCBuildConfiguration;
			buildSettings = {
				BUNDLE_LOADER = "$(TEST_HOST)";
				CODE_SIGN_STYLE = Automatic;
				CURRENT_PROJECT_VERSION = 1;
				DEVELOPMENT_TEAM = FUK235L35F;
				GENERATE_INFOPLIST_FILE = YES;
				IPHONEOS_DEPLOYMENT_TARGET = 26.1;
				MARKETING_VERSION = 1.0;
				PRODUCT_BUNDLE_IDENTIFIER = com.maximeproulx.WatchVerseTests;
				PRODUCT_NAME = "$(TARGET_NAME)";
				STRING_CATALOG_GENERATE_SYMBOLS = NO;
				SWIFT_APPROACHABLE_CONCURRENCY = YES;
				SWIFT_EMIT_LOC_STRINGS = NO;
				SWIFT_UPCOMING_FEATURE_MEMBER_IMPORT_VISIBILITY = YES;
				SWIFT_VERSION = 5.0;
				TARGETED_DEVICE_FAMILY = "1,2";
				TEST_HOST = "$(BUILT_PRODUCTS_DIR)/WatchVerse.app/$(BUNDLE_EXECUTABLE_FOLDER_PATH)/WatchVerse";
			};
			name = Debug;
		};
		507CAAA730163EAE00F8E384 /* Release */ = {
			isa = XCBuildConfiguration;
			buildSettings = {
				BUNDLE_LOADER = "$(TEST_HOST)";
				CODE_SIGN_STYLE = Automatic;
				CURRENT_PROJECT_VERSION = 1;
				DEVELOPMENT_TEAM = FUK235L35F;
				GENERATE_INFOPLIST_FILE = YES;
				IPHONEOS_DEPLOYMENT_TARGET = 26.1;
				MARKETING_VERSION = 1.0;
				PRODUCT_BUNDLE_IDENTIFIER = com.maximeproulx.WatchVerseTests;
				PRODUCT_NAME = "$(TARGET_NAME)";
				STRING_CATALOG_GENERATE_SYMBOLS = NO;
				SWIFT_APPROACHABLE_CONCURRENCY = YES;
				SWIFT_EMIT_LOC_STRINGS = NO;
				SWIFT_UPCOMING_FEATURE_MEMBER_IMPORT_VISIBILITY = YES;
				SWIFT_VERSION = 5.0;
				TARGETED_DEVICE_FAMILY = "1,2";
				TEST_HOST = "$(BUILT_PRODUCTS_DIR)/WatchVerse.app/$(BUNDLE_EXECUTABLE_FOLDER_PATH)/WatchVerse";
			};
			name = Release;
		};
		507CAAA930163EAE00F8E384 /* Debug */ = {
			isa = XCBuildConfiguration;
			buildSettings = {
				CODE_SIGN_STYLE = Automatic;
				CURRENT_PROJECT_VERSION = 1;
				DEVELOPMENT_TEAM = FUK235L35F;
				GENERATE_INFOPLIST_FILE = YES;
				MARKETING_VERSION = 1.0;
				PRODUCT_BUNDLE_IDENTIFIER = com.maximeproulx.WatchVerseUITests;
				PRODUCT_NAME = "$(TARGET_NAME)";
				STRING_CATALOG_GENERATE_SYMBOLS = NO;
				SWIFT_APPROACHABLE_CONCURRENCY = YES;
				SWIFT_EMIT_LOC_STRINGS = NO;
				SWIFT_UPCOMING_FEATURE_MEMBER_IMPORT_VISIBILITY = YES;
				SWIFT_VERSION = 5.0;
				TARGETED_DEVICE_FAMILY = "1,2";
				TEST_TARGET_NAME = WatchVerse;
			};
			name = Debug;
		};
		507CAAAA30163EAE00F8E384 /* Release */ = {
			isa = XCBuildConfiguration;
			buildSettings = {
				CODE_SIGN_STYLE = Automatic;
				CURRENT_PROJECT_VERSION = 1;
				DEVELOPMENT_TEAM = FUK235L35F;
				GENERATE_INFOPLIST_FILE = YES;
				MARKETING_VERSION = 1.0;
				PRODUCT_BUNDLE_IDENTIFIER = com.maximeproulx.WatchVerseUITests;
				PRODUCT_NAME = "$(TARGET_NAME)";
				STRING_CATALOG_GENERATE_SYMBOLS = NO;
				SWIFT_APPROACHABLE_CONCURRENCY = YES;
				SWIFT_EMIT_LOC_STRINGS = NO;
				SWIFT_UPCOMING_FEATURE_MEMBER_IMPORT_VISIBILITY = YES;
				SWIFT_VERSION = 5.0;
				TARGETED_DEVICE_FAMILY = "1,2";
				TEST_TARGET_NAME = WatchVerse;
			};
			name = Release;
		};
/* End XCBuildConfiguration section */

/* Begin XCConfigurationList section */
		507CAA7A30163EAA00F8E384 /* Build configuration list for PBXProject "WatchVerse" */ = {
			isa = XCConfigurationList;
			buildConfigurations = (
				507CAAA030163EAE00F8E384 /* Debug */,
				507CAAA130163EAE00F8E384 /* Release */,
			);
			defaultConfigurationIsVisible = 0;
			defaultConfigurationName = Release;
		};
		507CAAA230163EAE00F8E384 /* Build configuration list for PBXNativeTarget "WatchVerse" */ = {
			isa = XCConfigurationList;
			buildConfigurations = (
				507CAAA330163EAE00F8E384 /* Debug */,
				507CAAA430163EAE00F8E384 /* Release */,
			);
			defaultConfigurationIsVisible = 0;
			defaultConfigurationName = Release;
		};
		507CAAA530163EAE00F8E384 /* Build configuration list for PBXNativeTarget "WatchVerseTests" */ = {
			isa = XCConfigurationList;
			buildConfigurations = (
				507CAAA630163EAE00F8E384 /* Debug */,
				507CAAA730163EAE00F8E384 /* Release */,
			);
			defaultConfigurationIsVisible = 0;
			defaultConfigurationName = Release;
		};
		507CAAA830163EAE00F8E384 /* Build configuration list for PBXNativeTarget "WatchVerseUITests" */ = {
			isa = XCConfigurationList;
			buildConfigurations = (
				507CAAA930163EAE00F8E384 /* Debug */,
				507CAAAA30163EAE00F8E384 /* Release */,
			);
			defaultConfigurationIsVisible = 0;
			defaultConfigurationName = Release;
		};
/* End XCConfigurationList section */
	};
	rootObject = 507CAA7730163EAA00F8E384 /* Project object */;
}
